
Microsoft Visual Studio Solution File, Format Version 12.00
# Visual Studio Version 16
VisualStudioVersion = 16.0.30804.86
MinimumVisualStudioVersion = 10.0.40219.1
Project("{FAE04EC0-301F-11D3-BF4B-00C04F79EFBC}") = "RMS", "RMS.csproj", "{70204295-0B95-45FE-915C-766E4E165F82}"
EndProject
Global
	GlobalSection(SolutionConfigurationPlatforms) = preSolution
		Debug|Any CPU = Debug|Any CPU
		Release|Any CPU = Release|Any CPU
	EndGlobalSection
	GlobalSection(ProjectConfigurationPlatforms) = postSolution
		{70204295-0B95-45FE-915C-766E4E165F82}.Debug|Any CPU.ActiveCfg = Debug|Any CPU
		{70204295-0B95-45FE-915C-766E4E165F82}.Debug|Any CPU.Build.0 = Debug|Any CPU
		{70204295-0B95-45FE-915C-766E4E165F82}.Release|Any CPU.ActiveCfg = Debug|Any CPU
		{70204295-0B95-45FE-915C-766E4E165F82}.Release|Any CPU.Build.0 = Debug|Any CPU
	EndGlobalSection
	GlobalSection(SolutionProperties) = preSolution
		HideSolutionNode = FALSE
	EndGlobalSection
	GlobalSection(ExtensibilityGlobals) = postSolution
		SolutionGuid = {DC635CCE-F94D-4B25-A202-98C4C3DB91E7}
	EndGlobalSection
EndGlobal
